
Microsoft Visual Studio Solution File, Format Version 12.00
# Visual Studio Version 17
VisualStudioVersion = 17.5.33516.290
MinimumVisualStudioVersion = 10.0.40219.1
Project("{FAE04EC0-301F-11D3-BF4B-00C04F79EFBC}") = "Hotel-Booking", "Hotel-Booking.csproj", "{52145D0F-DB1B-4F02-9EFD-BFF2A948A448}"
EndProject
Global
	GlobalSection(SolutionConfigurationPlatforms) = preSolution
		Debug|Any CPU = Debug|Any CPU
		Release|Any CPU = Release|Any CPU
	EndGlobalSection
	GlobalSection(ProjectConfigurationPlatforms) = postSolution
		{52145D0F-DB1B-4F02-9EFD-BFF2A948A448}.Debug|Any CPU.ActiveCfg = Debug|Any CPU
		{52145D0F-DB1B-4F02-9EFD-BFF2A948A448}.Debug|Any CPU.Build.0 = Debug|Any CPU
		{52145D0F-DB1B-4F02-9EFD-BFF2A948A448}.Release|Any CPU.ActiveCfg = Release|Any CPU
		{52145D0F-DB1B-4F02-9EFD-BFF2A948A448}.Release|Any CPU.Build.0 = Release|Any CPU
	EndGlobalSection
	GlobalSection(SolutionProperties) = preSolution
		HideSolutionNode = FALSE
	EndGlobalSection
	GlobalSection(ExtensibilityGlobals) = postSolution
		SolutionGuid = {38E5D675-FE0F-44FE-868F-091F0FAC82F8}
	EndGlobalSection
EndGlobal
